
Microsoft Visual Studio Solution File, Format Version 12.00
Project("{FAE04EC0-301F-11D3-BF4B-00C04F79EFBC}") = "Infrastructure", "Infrastructure\Infrastructure.csproj", "{AC23A1A3-8786-47A7-A013-2098777C622F}"
EndProject
Project("{FAE04EC0-301F-11D3-BF4B-00C04F79EFBC}") = "Test", "Test\Test.csproj", "{51767E74-59DB-4A16-9B26-B9710423D079}"
EndProject
Project("{FAE04EC0-301F-11D3-BF4B-00C04F79EFBC}") = "Application", "Application\Application.csproj", "{50D260B2-17D2-4452-AE1C-2EC2468AB003}"
EndProject
Project("{FAE04EC0-301F-11D3-BF4B-00C04F79EFBC}") = "Presentation", "Presentation\Presentation.csproj", "{F90824CA-5B3F-409C-B8AD-FB641E59782A}"
EndProject
Project("{FAE04EC0-301F-11D3-BF4B-00C04F79EFBC}") = "Domain", "Domain\Domain.csproj", "{9E022B59-3305-4ECC-B2FD-38FB980795F4}"
EndProject
Global
	GlobalSection(SolutionConfigurationPlatforms) = preSolution
		Debug|Any CPU = Debug|Any CPU
		Release|Any CPU = Release|Any CPU
	EndGlobalSection
	GlobalSection(ProjectConfigurationPlatforms) = postSolution
		{AC23A1A3-8786-47A7-A013-2098777C622F}.Debug|Any CPU.ActiveCfg = Debug|Any CPU
		{AC23A1A3-8786-47A7-A013-2098777C622F}.Debug|Any CPU.Build.0 = Debug|Any CPU
		{AC23A1A3-8786-47A7-A013-2098777C622F}.Release|Any CPU.ActiveCfg = Release|Any CPU
		{AC23A1A3-8786-47A7-A013-2098777C622F}.Release|Any CPU.Build.0 = Release|Any CPU
		{51767E74-59DB-4A16-9B26-B9710423D079}.Debug|Any CPU.ActiveCfg = Debug|Any CPU
		{51767E74-59DB-4A16-9B26-B9710423D079}.Debug|Any CPU.Build.0 = Debug|Any CPU
		{51767E74-59DB-4A16-9B26-B9710423D079}.Release|Any CPU.ActiveCfg = Release|Any CPU
		{51767E74-59DB-4A16-9B26-B9710423D079}.Release|Any CPU.Build.0 = Release|Any CPU
		{50D260B2-17D2-4452-AE1C-2EC2468AB003}.Debug|Any CPU.ActiveCfg = Debug|Any CPU
		{50D260B2-17D2-4452-AE1C-2EC2468AB003}.Debug|Any CPU.Build.0 = Debug|Any CPU
		{50D260B2-17D2-4452-AE1C-2EC2468AB003}.Release|Any CPU.ActiveCfg = Release|Any CPU
		{50D260B2-17D2-4452-AE1C-2EC2468AB003}.Release|Any CPU.Build.0 = Release|Any CPU
		{F90824CA-5B3F-409C-B8AD-FB641E59782A}.Debug|Any CPU.ActiveCfg = Debug|Any CPU
		{F90824CA-5B3F-409C-B8AD-FB641E59782A}.Debug|Any CPU.Build.0 = Debug|Any CPU
		{F90824CA-5B3F-409C-B8AD-FB641E59782A}.Release|Any CPU.ActiveCfg = Release|Any CPU
		{F90824CA-5B3F-409C-B8AD-FB641E59782A}.Release|Any CPU.Build.0 = Release|Any CPU
		{9E022B59-3305-4ECC-B2FD-38FB980795F4}.Debug|Any CPU.ActiveCfg = Debug|Any CPU
		{9E022B59-3305-4ECC-B2FD-38FB980795F4}.Debug|Any CPU.Build.0 = Debug|Any CPU
		{9E022B59-3305-4ECC-B2FD-38FB980795F4}.Release|Any CPU.ActiveCfg = Release|Any CPU
		{9E022B59-3305-4ECC-B2FD-38FB980795F4}.Release|Any CPU.Build.0 = Release|Any CPU
	EndGlobalSection
EndGlobal
